// !$*UTF8*$!
{
	archiveVersion = 1;
	classes = {
	};
	objectVersion = 55;
	objects = {

/* Begin PBXBuildFile section */
		8E305306297581040007124B /* WeatherModel.swift in Sources */ = {isa = PBXBuildFile; fileRef = 8E305305297581040007124B /* WeatherModel.swift */; };
		8E57895E2967207800E4EF2E /* AppDelegate.swift in Sources */ = {isa = PBXBuildFile; fileRef = 8E57895D2967207800E4EF2E /* AppDelegate.swift */; };
		8E5789602967207800E4EF2E /* SceneDelegate.swift in Sources */ = {isa = PBXBuildFile; fileRef = 8E57895F2967207800E4EF2E /* SceneDelegate.swift */; };
		8E5789622967207800E4EF2E /* ViewController.swift in Sources */ = {isa = PBXBuildFile; fileRef = 8E5789612967207800E4EF2E /* ViewController.swift */; };
		8E5789652967207800E4EF2E /* Main.storyboard in Resources */ = {isa = PBXBuildFile; fileRef = 8E5789632967207800E4EF2E /* Main.storyboard */; };
		8E5789672967208000E4EF2E /* Assets.xcassets in Resources */ = {isa = PBXBuildFile; fileRef = 8E5789662967208000E4EF2E /* Assets.xcassets */; };
		8E57896A2967208000E4EF2E /* LaunchScreen.storyboard in Resources */ = {isa = PBXBuildFile; fileRef = 8E5789682967208000E4EF2E /* LaunchScreen.storyboard */; };
		8E578973296721F300E4EF2E /* ButtomSheetController.swift in Sources */ = {isa = PBXBuildFile; fileRef = 8E578971296721F200E4EF2E /* ButtomSheetController.swift */; };
		8E578974296721F300E4EF2E /* ButtomSheetController.xib in Resources */ = {isa = PBXBuildFile; fileRef = 8E578972296721F200E4EF2E /* ButtomSheetController.xib */; };
		8E9D7FEA29717BD100EC0D83 /* WeatherData.swift in Sources */ = {isa = PBXBuildFile; fileRef = 8E9D7FE929717BD100EC0D83 /* WeatherData.swift */; };
		8EC5B6B82970297B003EBA05 /* WeatherEngine.swift in Sources */ = {isa = PBXBuildFile; fileRef = 8EC5B6B72970297B003EBA05 /* WeatherEngine.swift */; };
		8EC5B6BA29702A55003EBA05 /* Constants.swift in Sources */ = {isa = PBXBuildFile; fileRef = 8EC5B6B929702A55003EBA05 /* Constants.swift */; };
/* End PBXBuildFile section */

/* Begin PBXFileReference section */
		7FF5A2155E2A34F5F611875E /* Pods-Simple Weather.release.xcconfig */ = {isa = PBXFileReference; includeInIndex = 1; lastKnownFileType = text.xcconfig; name = "Pods-Simple Weather.release.xcconfig"; path = "Target Support Files/Pods-Simple Weather/Pods-Simple Weather.release.xcconfig"; sourceTree = "<group>"; };
		8E305305297581040007124B /* WeatherModel.swift */ = {isa = PBXFileReference; lastKnownFileType = sourcecode.swift; path = WeatherModel.swift; sourceTree = "<group>"; };
		8E57895A2967207800E4EF2E /* Simple Weather.app */ = {isa = PBXFileReference; explicitFileType = wrapper.application; includeInIndex = 0; path = "Simple Weather.app"; sourceTree = BUILT_PRODUCTS_DIR; };
		8E57895D2967207800E4EF2E /* AppDelegate.swift */ = {isa = PBXFileReference; lastKnownFileType = sourcecode.swift; path = AppDelegate.swift; sourceTree = "<group>"; };
		8E57895F2967207800E4EF2E /* SceneDelegate.swift */ = {isa = PBXFileReference; lastKnownFileType = sourcecode.swift; path = SceneDelegate.swift; sourceTree = "<group>"; };
		8E5789612967207800E4EF2E /* ViewController.swift */ = {isa = PBXFileReference; lastKnownFileType = sourcecode.swift; path = ViewController.swift; sourceTree = "<group>"; xcLanguageSpecificationIdentifier = xcode.lang.swift; };
		8E5789642967207800E4EF2E /* Base */ = {isa = PBXFileReference; lastKnownFileType = file.storyboard; name = Base; path = Base.lproj/Main.storyboard; sourceTree = "<group>"; };
		8E5789662967208000E4EF2E /* Assets.xcassets */ = {isa = PBXFileReference; lastKnownFileType = folder.assetcatalog; path = Assets.xcassets; sourceTree = "<group>"; };
		8E5789692967208000E4EF2E /* Base */ = {isa = PBXFileReference; lastKnownFileType = file.storyboard; name = Base; path = Base.lproj/LaunchScreen.storyboard; sourceTree = "<group>"; };
		8E57896B2967208000E4EF2E /* Info.plist */ = {isa = PBXFileReference; lastKnownFileType = text.plist.xml; path = Info.plist; sourceTree = "<group>"; };
		8E578971296721F200E4EF2E /* ButtomSheetController.swift */ = {isa = PBXFileReference; lastKnownFileType = sourcecode.swift; path = ButtomSheetController.swift; sourceTree = "<group>"; };
		8E578972296721F200E4EF2E /* ButtomSheetController.xib */ = {isa = PBXFileReference; lastKnownFileType = file.xib; path = ButtomSheetController.xib; sourceTree = "<group>"; };
		8E9D7FE929717BD100EC0D83 /* WeatherData.swift */ = {isa = PBXFileReference; lastKnownFileType = sourcecode.swift; path = WeatherData.swift; sourceTree = "<group>"; };
		8EC5B6B72970297B003EBA05 /* WeatherEngine.swift */ = {isa = PBXFileReference; lastKnownFileType = sourcecode.swift; path = WeatherEngine.swift; sourceTree = "<group>"; };
		8EC5B6B929702A55003EBA05 /* Constants.swift */ = {isa = PBXFileReference; lastKnownFileType = sourcecode.swift; path = Constants.swift; sourceTree = "<group>"; };
		AE1ABFBF15282768CE91E805 /* Pods_Simple_Weather.framework */ = {isa = PBXFileReference; explicitFileType = wrapper.framework; includeInIndex = 0; path = Pods_Simple_Weather.framework; sourceTree = BUILT_PRODUCTS_DIR; };
		C5AA3D19AA272FC507430BC8 /* Pods-Simple Weather.debug.xcconfig */ = {isa = PBXFileReference; includeInIndex = 1; lastKnownFileType = text.xcconfig; name = "Pods-Simple Weather.debug.xcconfig"; path = "Target Support Files/Pods-Simple Weather/Pods-Simple Weather.debug.xcconfig"; sourceTree = "<group>"; };
/* End PBXFileReference section */

/* Begin PBXFrameworksBuildPhase section */
		8E5789572967207800E4EF2E /* Frameworks */ = {
			isa = PBXFrameworksBuildPhase;
			buildActionMask = 2147483647;
			files = (
			);
			runOnlyForDeploymentPostprocessing = 0;
		};
/* End PBXFrameworksBuildPhase section */

/* Begin PBXGroup section */
		29BF94569617A8617558E9CF /* Frameworks */ = {
			isa = PBXGroup;
			children = (
				AE1ABFBF15282768CE91E805 /* Pods_Simple_Weather.framework */,
			);
			name = Frameworks;
			sourceTree = "<group>";
		};
		8E5789512967207700E4EF2E = {
			isa = PBXGroup;
			children = (
				8E57895C2967207800E4EF2E /* Simple Weather */,
				8E57895B2967207800E4EF2E /* Products */,
				C1C0EC93D6FAAB99ABA8FFB5 /* Pods */,
				29BF94569617A8617558E9CF /* Frameworks */,
			);
			sourceTree = "<group>";
		};
		8E57895B2967207800E4EF2E /* Products */ = {
			isa = PBXGroup;
			children = (
				8E57895A2967207800E4EF2E /* Simple Weather.app */,
			);
			name = Products;
			sourceTree = "<group>";
		};
		8E57895C2967207800E4EF2E /* Simple Weather */ = {
			isa = PBXGroup;
			children = (
				8E57895D2967207800E4EF2E /* AppDelegate.swift */,
				8E57895F2967207800E4EF2E /* SceneDelegate.swift */,
				8E9D7FE6297179C300EC0D83 /* Model */,
				8E9D7FE729717A1A00EC0D83 /* Controller */,
				8EC5B6B929702A55003EBA05 /* Constants.swift */,
				8E578972296721F200E4EF2E /* ButtomSheetController.xib */,
				8E5789632967207800E4EF2E /* Main.storyboard */,
				8E5789662967208000E4EF2E /* Assets.xcassets */,
				8E5789682967208000E4EF2E /* LaunchScreen.storyboard */,
				8E57896B2967208000E4EF2E /* Info.plist */,
			);
			path = "Simple Weather";
			sourceTree = "<group>";
		};
		8E9D7FE6297179C300EC0D83 /* Model */ = {
			isa = PBXGroup;
			children = (
				8E9D7FE929717BD100EC0D83 /* WeatherData.swift */,
				8E305305297581040007124B /* WeatherModel.swift */,
				8EC5B6B72970297B003EBA05 /* WeatherEngine.swift */,
			);
			path = Model;
			sourceTree = "<group>";
		};
		8E9D7FE729717A1A00EC0D83 /* Controller */ = {
			isa = PBXGroup;
			children = (
				8E5789612967207800E4EF2E /* ViewController.swift */,
				8E578971296721F200E4EF2E /* ButtomSheetController.swift */,
			);
			path = Controller;
			sourceTree = "<group>";
		};
		C1C0EC93D6FAAB99ABA8FFB5 /* Pods */ = {
			isa = PBXGroup;
			children = (
				C5AA3D19AA272FC507430BC8 /* Pods-Simple Weather.debug.xcconfig */,
				7FF5A2155E2A34F5F611875E /* Pods-Simple Weather.release.xcconfig */,
			);
			path = Pods;
			sourceTree = "<group>";
		};
/* End PBXGroup section */

/* Begin PBXNativeTarget section */
		8E5789592967207800E4EF2E /* Simple Weather */ = {
			isa = PBXNativeTarget;
			buildConfigurationList = 8E57896E2967208000E4EF2E /* Build configuration list for PBXNativeTarget "Simple Weather" */;
			buildPhases = (
				347AD1E665A36F9235A242BC /* [CP] Check Pods Manifest.lock */,
				8E5789562967207800E4EF2E /* Sources */,
				8E5789572967207800E4EF2E /* Frameworks */,
				8E5789582967207800E4EF2E /* Resources */,
			);
			buildRules = (
			);
			dependencies = (
			);
			name = "Simple Weather";
			productName = "Simple Weather";
			productReference = 8E57895A2967207800E4EF2E /* Simple Weather.app */;
			productType = "com.apple.product-type.application";
		};
/* End PBXNativeTarget section */

/* Begin PBXProject section */
		8E5789522967207700E4EF2E /* Project object */ = {
			isa = PBXProject;
			attributes = {
				BuildIndependentTargetsInParallel = 1;
				LastSwiftUpdateCheck = 1410;
				LastUpgradeCheck = 1410;
				TargetAttributes = {
					8E5789592967207800E4EF2E = {
						CreatedOnToolsVersion = 14.1;
					};
				};
			};
			buildConfigurationList = 8E5789552967207800E4EF2E /* Build configuration list for PBXProject "Simple Weather" */;
			compatibilityVersion = "Xcode 13.0";
			developmentRegion = en;
			hasScannedForEncodings = 0;
			knownRegions = (
				en,
				Base,
			);
			mainGroup = 8E5789512967207700E4EF2E;
			productRefGroup = 8E57895B2967207800E4EF2E /* Products */;
			projectDirPath = "";
			projectRoot = "";
			targets = (
				8E5789592967207800E4EF2E /* Simple Weather */,
			);
		};
/* End PBXProject section */

/* Begin PBXResourcesBuildPhase section */
		8E5789582967207800E4EF2E /* Resources */ = {
			isa = PBXResourcesBuildPhase;
			buildActionMask = 2147483647;
			files = (
				8E57896A2967208000E4EF2E /* LaunchScreen.storyboard in Resources */,
				8E5789672967208000E4EF2E /* Assets.xcassets in Resources */,
				8E578974296721F300E4EF2E /* ButtomSheetController.xib in Resources */,
				8E5789652967207800E4EF2E /* Main.storyboard in Resources */,
			);
			runOnlyForDeploymentPostprocessing = 0;
		};
/* End PBXResourcesBuildPhase section */

/* Begin PBXShellScriptBuildPhase section */
		347AD1E665A36F9235A242BC /* [CP] Check Pods Manifest.lock */ = {
			isa = PBXShellScriptBuildPhase;
			buildActionMask = 2147483647;
			files = (
			);
			inputFileListPaths = (
			);
			inputPaths = (
				"${PODS_PODFILE_DIR_PATH}/Podfile.lock",
				"${PODS_ROOT}/Manifest.lock",
			);
			name = "[CP] Check Pods Manifest.lock";
			outputFileListPaths = (
			);
			outputPaths = (
				"$(DERIVED_FILE_DIR)/Pods-Simple Weather-checkManifestLockResult.txt",
			);
			runOnlyForDeploymentPostprocessing = 0;
			shellPath = /bin/sh;
			shellScript = "diff \"${PODS_PODFILE_DIR_PATH}/Podfile.lock\" \"${PODS_ROOT}/Manifest.lock\" > /dev/null\nif [ $? != 0 ] ; then\n    # print error to STDERR\n    echo \"error: The sandbox is not in sync with the Podfile.lock. Run 'pod install' or update your CocoaPods installation.\" >&2\n    exit 1\nfi\n# This output is used by Xcode 'outputs' to avoid re-running this script phase.\necho \"SUCCESS\" > \"${SCRIPT_OUTPUT_FILE_0}\"\n";
			showEnvVarsInLog = 0;
		};
/* End PBXShellScriptBuildPhase section */

/* Begin PBXSourcesBuildPhase section */
		8E5789562967207800E4EF2E /* Sources */ = {
			isa = PBXSourcesBuildPhase;
			buildActionMask = 2147483647;
			files = (
				8E305306297581040007124B /* WeatherModel.swift in Sources */,
				8EC5B6B82970297B003EBA05 /* WeatherEngine.swift in Sources */,
				8E5789622967207800E4EF2E /* ViewController.swift in Sources */,
				8E57895E2967207800E4EF2E /* AppDelegate.swift in Sources */,
				8E578973296721F300E4EF2E /* ButtomSheetController.swift in Sources */,
				8E5789602967207800E4EF2E /* SceneDelegate.swift in Sources */,
				8EC5B6BA29702A55003EBA05 /* Constants.swift in Sources */,
				8E9D7FEA29717BD100EC0D83 /* WeatherData.swift in Sources */,
			);
			runOnlyForDeploymentPostprocessing = 0;
		};
/* End PBXSourcesBuildPhase section */

/* Begin PBXVariantGroup section */
		8E5789632967207800E4EF2E /* Main.storyboard */ = {
			isa = PBXVariantGroup;
			children = (
				8E5789642967207800E4EF2E /* Base */,
			);
			name = Main.storyboard;
			sourceTree = "<group>";
		};
		8E5789682967208000E4EF2E /* LaunchScreen.storyboard */ = {
			isa = PBXVariantGroup;
			children = (
				8E5789692967208000E4EF2E /* Base */,
			);
			name = LaunchScreen.storyboard;
			sourceTree = "<group>";
		};
/* End PBXVariantGroup section */

/* Begin XCBuildConfiguration section */
		8E57896C2967208000E4EF2E /* Debug */ = {
			isa = XCBuildConfiguration;
			buildSettings = {
				ALWAYS_SEARCH_USER_PATHS = NO;
				CLANG_ANALYZER_NONNULL = YES;
				CLANG_ANALYZER_NUMBER_OBJECT_CONVERSION = YES_AGGRESSIVE;
				CLANG_CXX_LANGUAGE_STANDARD = "gnu++20";
				CLANG_ENABLE_MODULES = YES;
				CLANG_ENABLE_OBJC_ARC = YES;
				CLANG_ENABLE_OBJC_WEAK = YES;
				CLANG_WARN_BLOCK_CAPTURE_AUTORELEASING = YES;
				CLANG_WARN_BOOL_CONVERSION = YES;
				CLANG_WARN_COMMA = YES;
				CLANG_WARN_CONSTANT_CONVERSION = YES;
				CLANG_WARN_DEPRECATED_OBJC_IMPLEMENTATIONS = YES;
				CLANG_WARN_DIRECT_OBJC_ISA_USAGE = YES_ERROR;
				CLANG_WARN_DOCUMENTATION_COMMENTS = YES;
				CLANG_WARN_EMPTY_BODY = YES;
				CLANG_WARN_ENUM_CONVERSION = YES;
				CLANG_WARN_INFINITE_RECURSION = YES;
				CLANG_WARN_INT_CONVERSION = YES;
				CLANG_WARN_NON_LITERAL_NULL_CONVERSION = YES;
				CLANG_WARN_OBJC_IMPLICIT_RETAIN_SELF = YES;
				CLANG_WARN_OBJC_LITERAL_CONVERSION = YES;
				CLANG_WARN_OBJC_ROOT_CLASS = YES_ERROR;
				CLANG_WARN_QUOTED_INCLUDE_IN_FRAMEWORK_HEADER = YES;
				CLANG_WARN_RANGE_LOOP_ANALYSIS = YES;
				CLANG_WARN_STRICT_PROTOTYPES = YES;
				CLANG_WARN_SUSPICIOUS_MOVE = YES;
				CLANG_WARN_UNGUARDED_AVAILABILITY = YES_AGGRESSIVE;
				CLANG_WARN_UNREACHABLE_CODE = YES;
				CLANG_WARN__DUPLICATE_METHOD_MATCH = YES;
				COPY_PHASE_STRIP = NO;
				DEBUG_INFORMATION_FORMAT = dwarf;
				ENABLE_STRICT_OBJC_MSGSEND = YES;
				ENABLE_TESTABILITY = YES;
				GCC_C_LANGUAGE_STANDARD = gnu11;
				GCC_DYNAMIC_NO_PIC = NO;
				GCC_NO_COMMON_BLOCKS = YES;
				GCC_OPTIMIZATION_LEVEL = 0;
				GCC_PREPROCESSOR_DEFINITIONS = (
					"DEBUG=1",
					"$(inherited)",
				);
				GCC_WARN_64_TO_32_BIT_CONVERSION = YES;
				GCC_WARN_ABOUT_RETURN_TYPE = YES_ERROR;
				GCC_WARN_UNDECLARED_SELECTOR = YES;
				GCC_WARN_UNINITIALIZED_AUTOS = YES_AGGRESSIVE;
				GCC_WARN_UNUSED_FUNCTION = YES;
				GCC_WARN_UNUSED_VARIABLE = YES;
				IPHONEOS_DEPLOYMENT_TARGET = 16.1;
				MTL_ENABLE_DEBUG_INFO = INCLUDE_SOURCE;
				MTL_FAST_MATH = YES;
				ONLY_ACTIVE_ARCH = YES;
				SDKROOT = iphoneos;
				SWIFT_ACTIVE_COMPILATION_CONDITIONS = DEBUG;
				SWIFT_OPTIMIZATION_LEVEL = "-Onone";
			};
			name = Debug;
		};
		8E57896D2967208000E4EF2E /* Release */ = {
			isa = XCBuildConfiguration;
			buildSettings = {
				ALWAYS_SEARCH_USER_PATHS = NO;
				CLANG_ANALYZER_NONNULL = YES;
				CLANG_ANALYZER_NUMBER_OBJECT_CONVERSION = YES_AGGRESSIVE;
				CLANG_CXX_LANGUAGE_STANDARD = "gnu++20";
				CLANG_ENABLE_MODULES = YES;
				CLANG_ENABLE_OBJC_ARC = YES;
				CLANG_ENABLE_OBJC_WEAK = YES;
				CLANG_WARN_BLOCK_CAPTURE_AUTORELEASING = YES;
				CLANG_WARN_BOOL_CONVERSION = YES;
				CLANG_WARN_COMMA = YES;
				CLANG_WARN_CONSTANT_CONVERSION = YES;
				CLANG_WARN_DEPRECATED_OBJC_IMPLEMENTATIONS = YES;
				CLANG_WARN_DIRECT_OBJC_ISA_USAGE = YES_ERROR;
				CLANG_WARN_DOCUMENTATION_COMMENTS = YES;
				CLANG_WARN_EMPTY_BODY = YES;
				CLANG_WARN_ENUM_CONVERSION = YES;
				CLANG_WARN_INFINITE_RECURSION = YES;
				CLANG_WARN_INT_CONVERSION = YES;
				CLANG_WARN_NON_LITERAL_NULL_CONVERSION = YES;
				CLANG_WARN_OBJC_IMPLICIT_RETAIN_SELF = YES;
				CLANG_WARN_OBJC_LITERAL_CONVERSION = YES;
				CLANG_WARN_OBJC_ROOT_CLASS = YES_ERROR;
				CLANG_WARN_QUOTED_INCLUDE_IN_FRAMEWORK_HEADER = YES;
				CLANG_WARN_RANGE_LOOP_ANALYSIS = YES;
				CLANG_WARN_STRICT_PROTOTYPES = YES;
				CLANG_WARN_SUSPICIOUS_MOVE = YES;
				CLANG_WARN_UNGUARDED_AVAILABILITY = YES_AGGRESSIVE;
				CLANG_WARN_UNREACHABLE_CODE = YES;
				CLANG_WARN__DUPLICATE_METHOD_MATCH = YES;
				COPY_PHASE_STRIP = NO;
				DEBUG_INFORMATION_FORMAT = "dwarf-with-dsym";
				ENABLE_NS_ASSERTIONS = NO;
				ENABLE_STRICT_OBJC_MSGSEND = YES;
				GCC_C_LANGUAGE_STANDARD = gnu11;
				GCC_NO_COMMON_BLOCKS = YES;
				GCC_WARN_64_TO_32_BIT_CONVERSION = YES;
				GCC_WARN_ABOUT_RETURN_TYPE = YES_ERROR;
				GCC_WARN_UNDECLARED_SELECTOR = YES;
				GCC_WARN_UNINITIALIZED_AUTOS = YES_AGGRESSIVE;
				GCC_WARN_UNUSED_FUNCTION = YES;
				GCC_WARN_UNUSED_VARIABLE = YES;
				IPHONEOS_DEPLOYMENT_TARGET = 16.1;
				MTL_ENABLE_DEBUG_INFO = NO;
				MTL_FAST_MATH = YES;
				SDKROOT = iphoneos;
				SWIFT_COMPILATION_MODE = wholemodule;
				SWIFT_OPTIMIZATION_LEVEL = "-O";
				VALIDATE_PRODUCT = YES;
			};
			name = Release;
		};
		8E57896F2967208000E4EF2E /* Debug */ = {
			isa = XCBuildConfiguration;
			baseConfigurationReference = C5AA3D19AA272FC507430BC8 /* Pods-Simple Weather.debug.xcconfig */;
			buildSettings = {
				ASSETCATALOG_COMPILER_APPICON_NAME = AppIcon;
				ASSETCATALOG_COMPILER_GLOBAL_ACCENT_COLOR_NAME = AccentColor;
				CODE_SIGN_STYLE = Automatic;
				CURRENT_PROJECT_VERSION = 1;
				DEVELOPMENT_TEAM = ZW78XTS3N5;
				GENERATE_INFOPLIST_FILE = YES;
				INFOPLIST_FILE = "Simple Weather/Info.plist";
				INFOPLIST_KEY_UIApplicationSupportsIndirectInputEvents = YES;
				INFOPLIST_KEY_UILaunchStoryboardName = LaunchScreen;
				INFOPLIST_KEY_UIMainStoryboardFile = Main;
				INFOPLIST_KEY_UISupportedInterfaceOrientations = UIInterfaceOrientationPortrait;
				INFOPLIST_KEY_UISupportedInterfaceOrientations_iPad = "UIInterfaceOrientationLandscapeLeft UIInterfaceOrientationLandscapeRight UIInterfaceOrientationPortrait UIInterfaceOrientationPortraitUpsideDown";
				LD_RUNPATH_SEARCH_PATHS = (
					"$(inherited)",
					"@executable_path/Frameworks",
				);
				MARKETING_VERSION = 1.0;
				PRODUCT_BUNDLE_IDENTIFIER = "com.furkan.Simple-Weather";
				PRODUCT_NAME = "$(TARGET_NAME)";
				SUPPORTED_PLATFORMS = "iphoneos iphonesimulator";
				SUPPORTS_MACCATALYST = NO;
				SUPPORTS_MAC_DESIGNED_FOR_IPHONE_IPAD = NO;
				SWIFT_EMIT_LOC_STRINGS = YES;
				SWIFT_VERSION = 5.0;
				TARGETED_DEVICE_FAMILY = 1;
			};
			name = Debug;
		};
		8E5789702967208000E4EF2E /* Release */ = {
			isa = XCBuildConfiguration;
			baseConfigurationReference = 7FF5A2155E2A34F5F611875E /* Pods-Simple Weather.release.xcconfig */;
			buildSettings = {
				ASSETCATALOG_COMPILER_APPICON_NAME = AppIcon;
				ASSETCATALOG_COMPILER_GLOBAL_ACCENT_COLOR_NAME = AccentColor;
				CODE_SIGN_STYLE = Automatic;
				CURRENT_PROJECT_VERSION = 1;
				DEVELOPMENT_TEAM = ZW78XTS3N5;
				GENERATE_INFOPLIST_FILE = YES;
				INFOPLIST_FILE = "Simple Weather/Info.plist";
				INFOPLIST_KEY_UIApplicationSupportsIndirectInputEvents = YES;
				INFOPLIST_KEY_UILaunchStoryboardName = LaunchScreen;
				INFOPLIST_KEY_UIMainStoryboardFile = Main;
				INFOPLIST_KEY_UISupportedInterfaceOrientations = UIInterfaceOrientationPortrait;
				INFOPLIST_KEY_UISupportedInterfaceOrientations_iPad = "UIInterfaceOrientationLandscapeLeft UIInterfaceOrientationLandscapeRight UIInterfaceOrientationPortrait UIInterfaceOrientationPortraitUpsideDown";
				LD_RUNPATH_SEARCH_PATHS = (
					"$(inherited)",
					"@executable_path/Frameworks",
				);
				MARKETING_VERSION = 1.0;
				PRODUCT_BUNDLE_IDENTIFIER = "com.furkan.Simple-Weather";
				PRODUCT_NAME = "$(TARGET_NAME)";
				SUPPORTED_PLATFORMS = "iphoneos iphonesimulator";
				SUPPORTS_MACCATALYST = NO;
				SUPPORTS_MAC_DESIGNED_FOR_IPHONE_IPAD = NO;
				SWIFT_EMIT_LOC_STRINGS = YES;
				SWIFT_VERSION = 5.0;
				TARGETED_DEVICE_FAMILY = 1;
			};
			name = Release;
		};
/* End XCBuildConfiguration section */

/* Begin XCConfigurationList section */
		8E5789552967207800E4EF2E /* Build configuration list for PBXProject "Simple Weather" */ = {
			isa = XCConfigurationList;
			buildConfigurations = (
				8E57896C2967208000E4EF2E /* Debug */,
				8E57896D2967208000E4EF2E /* Release */,
			);
			defaultConfigurationIsVisible = 0;
			defaultConfigurationName = Release;
		};
		8E57896E2967208000E4EF2E /* Build configuration list for PBXNativeTarget "Simple Weather" */ = {
			isa = XCConfigurationList;
			buildConfigurations = (
				8E57896F2967208000E4EF2E /* Debug */,
				8E5789702967208000E4EF2E /* Release */,
			);
			defaultConfigurationIsVisible = 0;
			defaultConfigurationName = Release;
		};
/* End XCConfigurationList section */
	};
	rootObject = 8E5789522967207700E4EF2E /* Project object */;
}
